
Microsoft Visual Studio Solution File, Format Version 12.00
# Visual Studio 15
VisualStudioVersion = 15.0.27703.2042
MinimumVisualStudioVersion = 10.0.40219.1
Project("{9A19103F-16F7-4668-BE54-9A1E7A4F7556}") = "Algorithms.Graphs", "Algorithms.Graphs\Algorithms.Graphs.csproj", "{4B6D8634-F827-4484-8F67-7D3E0D3EC5DA}"
EndProject
Project("{9A19103F-16F7-4668-BE54-9A1E7A4F7556}") = "Algorithms.GraphTests", "Algorithms.GraphTests\Algorithms.GraphTests.csproj", "{0D5438E0-D595-4B8E-BE65-6D950875A66B}"
EndProject
Project("{9A19103F-16F7-4668-BE54-9A1E7A4F7556}") = "Algorithms.StringSearching", "Algorithms.StringSearching\Algorithms.StringSearching.csproj", "{12191BCF-0D13-46B2-A708-59A0B9A03719}"
EndProject
Project("{9A19103F-16F7-4668-BE54-9A1E7A4F7556}") = "Algorithms.StringSearchTests", "Algorithms.StringSearchTests\Algorithms.StringSearchTests.csproj", "{301083AC-BE65-400B-99B5-E1CD692BC370}"
EndProject
Project("{FAE04EC0-301F-11D3-BF4B-00C04F79EFBC}") = "Algorithms.Sorting", "Algorithms.Sorting\Algorithms.Sorting.csproj", "{377EF77A-8071-47EE-A302-6C8A3D530163}"
EndProject
Project("{FAE04EC0-301F-11D3-BF4B-00C04F79EFBC}") = "Algorithm.SortingTests", "Algorithm.SortingTests\Algorithm.SortingTests.csproj", "{C0CCAAE2-8465-40EE-9E36-9FCC70AB5410}"
EndProject
Global
	GlobalSection(SolutionConfigurationPlatforms) = preSolution
		Debug|Any CPU = Debug|Any CPU
		Release|Any CPU = Release|Any CPU
	EndGlobalSection
	GlobalSection(ProjectConfigurationPlatforms) = postSolution
		{4B6D8634-F827-4484-8F67-7D3E0D3EC5DA}.Debug|Any CPU.ActiveCfg = Debug|Any CPU
		{4B6D8634-F827-4484-8F67-7D3E0D3EC5DA}.Debug|Any CPU.Build.0 = Debug|Any CPU
		{4B6D8634-F827-4484-8F67-7D3E0D3EC5DA}.Release|Any CPU.ActiveCfg = Release|Any CPU
		{4B6D8634-F827-4484-8F67-7D3E0D3EC5DA}.Release|Any CPU.Build.0 = Release|Any CPU
		{0D5438E0-D595-4B8E-BE65-6D950875A66B}.Debug|Any CPU.ActiveCfg = Debug|Any CPU
		{0D5438E0-D595-4B8E-BE65-6D950875A66B}.Debug|Any CPU.Build.0 = Debug|Any CPU
		{0D5438E0-D595-4B8E-BE65-6D950875A66B}.Release|Any CPU.ActiveCfg = Release|Any CPU
		{0D5438E0-D595-4B8E-BE65-6D950875A66B}.Release|Any CPU.Build.0 = Release|Any CPU
		{12191BCF-0D13-46B2-A708-59A0B9A03719}.Debug|Any CPU.ActiveCfg = Debug|Any CPU
		{12191BCF-0D13-46B2-A708-59A0B9A03719}.Debug|Any CPU.Build.0 = Debug|Any CPU
		{12191BCF-0D13-46B2-A708-59A0B9A03719}.Release|Any CPU.ActiveCfg = Release|Any CPU
		{12191BCF-0D13-46B2-A708-59A0B9A03719}.Release|Any CPU.Build.0 = Release|Any CPU
		{301083AC-BE65-400B-99B5-E1CD692BC370}.Debug|Any CPU.ActiveCfg = Debug|Any CPU
		{301083AC-BE65-400B-99B5-E1CD692BC370}.Debug|Any CPU.Build.0 = Debug|Any CPU
		{301083AC-BE65-400B-99B5-E1CD692BC370}.Release|Any CPU.ActiveCfg = Release|Any CPU
		{301083AC-BE65-400B-99B5-E1CD692BC370}.Release|Any CPU.Build.0 = Release|Any CPU
		{377EF77A-8071-47EE-A302-6C8A3D530163}.Debug|Any CPU.ActiveCfg = Debug|Any CPU
		{377EF77A-8071-47EE-A302-6C8A3D530163}.Debug|Any CPU.Build.0 = Debug|Any CPU
		{377EF77A-8071-47EE-A302-6C8A3D530163}.Release|Any CPU.ActiveCfg = Release|Any CPU
		{377EF77A-8071-47EE-A302-6C8A3D530163}.Release|Any CPU.Build.0 = Release|Any CPU
		{C0CCAAE2-8465-40EE-9E36-9FCC70AB5410}.Debug|Any CPU.ActiveCfg = Debug|Any CPU
		{C0CCAAE2-8465-40EE-9E36-9FCC70AB5410}.Debug|Any CPU.Build.0 = Debug|Any CPU
		{C0CCAAE2-8465-40EE-9E36-9FCC70AB5410}.Release|Any CPU.ActiveCfg = Release|Any CPU
		{C0CCAAE2-8465-40EE-9E36-9FCC70AB5410}.Release|Any CPU.Build.0 = Release|Any CPU
	EndGlobalSection
	GlobalSection(SolutionProperties) = preSolution
		HideSolutionNode = FALSE
	EndGlobalSection
	GlobalSection(ExtensibilityGlobals) = postSolution
		SolutionGuid = {EB73064B-7506-43E8-936D-0C14C70AE641}
	EndGlobalSection
EndGlobal
