
Microsoft Visual Studio Solution File, Format Version 12.00
# Visual Studio 15
VisualStudioVersion = 15.0.27703.2042
MinimumVisualStudioVersion = 10.0.40219.1
Project("{FAE04EC0-301F-11D3-BF4B-00C04F79EFBC}") = "Algorithms.Graphs", "Algorithms.Graphs\Algorithms.Graphs.csproj", "{4B6D8634-F827-4484-8F67-7D3E0D3EC5DA}"
EndProject
Global
	GlobalSection(SolutionConfigurationPlatforms) = preSolution
		Debug|Any CPU = Debug|Any CPU
		Release|Any CPU = Release|Any CPU
	EndGlobalSection
	GlobalSection(ProjectConfigurationPlatforms) = postSolution
		{4B6D8634-F827-4484-8F67-7D3E0D3EC5DA}.Debug|Any CPU.ActiveCfg = Debug|Any CPU
		{4B6D8634-F827-4484-8F67-7D3E0D3EC5DA}.Debug|Any CPU.Build.0 = Debug|Any CPU
		{4B6D8634-F827-4484-8F67-7D3E0D3EC5DA}.Release|Any CPU.ActiveCfg = Release|Any CPU
		{4B6D8634-F827-4484-8F67-7D3E0D3EC5DA}.Release|Any CPU.Build.0 = Release|Any CPU
	EndGlobalSection
	GlobalSection(SolutionProperties) = preSolution
		HideSolutionNode = FALSE
	EndGlobalSection
	GlobalSection(ExtensibilityGlobals) = postSolution
		SolutionGuid = {EB73064B-7506-43E8-936D-0C14C70AE641}
	EndGlobalSection
EndGlobal
